{
  "name": "@meddleware/seal-policies-sui",
  "version": "0.0.3",
  "lockfileVersion": 3,
  "requires": true,
  "packages": {
    "": {
      "name": "@meddleware/seal-policies-sui",
      "version": "0.0.3",
      "license": "0BSD",
      "engines": {
        "node": "^22.18.0 || >=24.12.0"
      }
    }
  }
}
